# THIS IS AN AUTOGENERATED FILE. DO NOT EDIT THIS FILE DIRECTLY.
# yarn lockfile v1


"@react-spring/animated@~9.7.3":
  version "9.7.3"
  resolved "https://registry.yarnpkg.com/@react-spring/animated/-/animated-9.7.3.tgz#4211b1a6d48da0ff474a125e93c0f460ff816e0f"
  integrity sha512-5CWeNJt9pNgyvuSzQH+uy2pvTg8Y4/OisoscZIR8/ZNLIOI+CatFBhGZpDGTF/OzdNFsAoGk3wiUYTwoJ0YIvw==
  dependencies:
    "@react-spring/shared" "~9.7.3"
    "@react-spring/types" "~9.7.3"

"@react-spring/core@~9.7.3":
  version "9.7.3"
  resolved "https://registry.yarnpkg.com/@react-spring/core/-/core-9.7.3.tgz#60056bcb397f2c4f371c6c9a5f882db77ae90095"
  integrity sha512-IqFdPVf3ZOC1Cx7+M0cXf4odNLxDC+n7IN3MDcVCTIOSBfqEcBebSv+vlY5AhM0zw05PDbjKrNmBpzv/AqpjnQ==
  dependencies:
    "@react-spring/animated" "~9.7.3"
    "@react-spring/shared" "~9.7.3"
    "@react-spring/types" "~9.7.3"

"@react-spring/shared@~9.7.3":
  version "9.7.3"
  resolved "https://registry.yarnpkg.com/@react-spring/shared/-/shared-9.7.3.tgz#4cf29797847c689912aec4e62e34c99a4d5d9e53"
  integrity sha512-NEopD+9S5xYyQ0pGtioacLhL2luflh6HACSSDUZOwLHoxA5eku1UPuqcJqjwSD6luKjjLfiLOspxo43FUHKKSA==
  dependencies:
    "@react-spring/types" "~9.7.3"

"@react-spring/types@~9.7.3":
  version "9.7.3"
  resolved "https://registry.yarnpkg.com/@react-spring/types/-/types-9.7.3.tgz#ea78fd447cbc2612c1f5d55852e3c331e8172a0b"
  integrity sha512-Kpx/fQ/ZFX31OtlqVEFfgaD1ACzul4NksrvIgYfIFq9JpDHFwQkMVZ10tbo0FU/grje4rcL4EIrjekl3kYwgWw==

"@react-spring/web@^9.7.3":
  version "9.7.3"
  resolved "https://registry.yarnpkg.com/@react-spring/web/-/web-9.7.3.tgz#d9f4e17fec259f1d65495a19502ada4f5b57fa3d"
  integrity sha512-BXt6BpS9aJL/QdVqEIX9YoUy8CE6TJrU0mNCqSoxdXlIeNcEBWOfIyE6B14ENNsyQKS3wOWkiJfco0tCr/9tUg==
  dependencies:
    "@react-spring/animated" "~9.7.3"
    "@react-spring/core" "~9.7.3"
    "@react-spring/shared" "~9.7.3"
    "@react-spring/types" "~9.7.3"
